
Microsoft Visual Studio Solution File, Format Version 12.00
# Visual Studio Version 17
VisualStudioVersion = 17.4.33213.308
MinimumVisualStudioVersion = 10.0.40219.1
Project("{FAE04EC0-301F-11D3-BF4B-00C04F79EFBC}") = "Case1", "Case1.csproj", "{78DCE559-8919-4585-9139-98884D12F205}"
EndProject
Global
	GlobalSection(SolutionConfigurationPlatforms) = preSolution
		Debug|Any CPU = Debug|Any CPU
		Release|Any CPU = Release|Any CPU
	EndGlobalSection
	GlobalSection(ProjectConfigurationPlatforms) = postSolution
		{78DCE559-8919-4585-9139-98884D12F205}.Debug|Any CPU.ActiveCfg = Debug|Any CPU
		{78DCE559-8919-4585-9139-98884D12F205}.Debug|Any CPU.Build.0 = Debug|Any CPU
		{78DCE559-8919-4585-9139-98884D12F205}.Release|Any CPU.ActiveCfg = Release|Any CPU
		{78DCE559-8919-4585-9139-98884D12F205}.Release|Any CPU.Build.0 = Release|Any CPU
	EndGlobalSection
	GlobalSection(SolutionProperties) = preSolution
		HideSolutionNode = FALSE
	EndGlobalSection
	GlobalSection(ExtensibilityGlobals) = postSolution
		SolutionGuid = {5A7C2DD3-67F7-4E96-BB79-B78A26659886}
	EndGlobalSection
EndGlobal
